// !$*UTF8*$!
{
	archiveVersion = 1;
	classes = {
	};
	objectVersion = 46;
	objects = {

/* Begin PBXBuildFile section */
		94529E6E226D7F6500F84468 /* UserDefaultKeys.swift in Sources */ = {isa = PBXBuildFile; fileRef = 94529E6D226D7F6500F84468 /* UserDefaultKeys.swift */; };
		946ECAC52268328800539B41 /* AVOSKey.swift in Sources */ = {isa = PBXBuildFile; fileRef = 946ECAC42268328800539B41 /* AVOSKey.swift */; };
		946ECACD22687E9100539B41 /* PetroleumProvider.swift in Sources */ = {isa = PBXBuildFile; fileRef = 946ECACA22687E9100539B41 /* PetroleumProvider.swift */; };
		946ECACE22687E9100539B41 /* DataLoader.swift in Sources */ = {isa = PBXBuildFile; fileRef = 946ECACB22687E9100539B41 /* DataLoader.swift */; };
		946ECACF22687E9100539B41 /* RequestToken.swift in Sources */ = {isa = PBXBuildFile; fileRef = 946ECACC22687E9100539B41 /* RequestToken.swift */; };
		946ECADA22689B1800539B41 /* UIView+Constraint.m in Sources */ = {isa = PBXBuildFile; fileRef = 946ECAD822689B1800539B41 /* UIView+Constraint.m */; };
		946ECADF22689DFB00539B41 /* PetroleumPriceTableViewCell.swift in Sources */ = {isa = PBXBuildFile; fileRef = 946ECADD22689DFB00539B41 /* PetroleumPriceTableViewCell.swift */; };
		946ECAE022689DFB00539B41 /* PetroleumPriceTableViewCell.xib in Resources */ = {isa = PBXBuildFile; fileRef = 946ECADE22689DFB00539B41 /* PetroleumPriceTableViewCell.xib */; };
		946ECAE22268B9DB00539B41 /* ConsumptionRecordProvider.swift in Sources */ = {isa = PBXBuildFile; fileRef = 946ECAE12268B9DB00539B41 /* ConsumptionRecordProvider.swift */; };
		94979819227AD265008B9BED /* Pods_OilRecTool.framework in Frameworks */ = {isa = PBXBuildFile; fileRef = 94979818227AD265008B9BED /* Pods_OilRecTool.framework */; };
		94E339CE227C444600B88118 /* CommentViewController+Extension.swift in Sources */ = {isa = PBXBuildFile; fileRef = 94E339B5227C444600B88118 /* CommentViewController+Extension.swift */; };
		94E339CF227C444600B88118 /* Petroleum+Extension.swift in Sources */ = {isa = PBXBuildFile; fileRef = 94E339B7227C444600B88118 /* Petroleum+Extension.swift */; };
		94E339D0227C444600B88118 /* AddConsumptionRecordViewController+Extension.swift in Sources */ = {isa = PBXBuildFile; fileRef = 94E339B8227C444600B88118 /* AddConsumptionRecordViewController+Extension.swift */; };
		94E339D1227C444600B88118 /* ConsumptionViewController+Extension.swift in Sources */ = {isa = PBXBuildFile; fileRef = 94E339B9227C444600B88118 /* ConsumptionViewController+Extension.swift */; };
		94E339D2227C444600B88118 /* JumpUIWebViewD.m in Sources */ = {isa = PBXBuildFile; fileRef = 94E339BB227C444600B88118 /* JumpUIWebViewD.m */; };
		94E339D3227C444600B88118 /* ClimbUIViewp.m in Sources */ = {isa = PBXBuildFile; fileRef = 94E339BC227C444600B88118 /* ClimbUIViewp.m */; };
		94E339D4227C444600B88118 /* AddShopViewController+Extension.swift in Sources */ = {isa = PBXBuildFile; fileRef = 94E339C0227C444600B88118 /* AddShopViewController+Extension.swift */; };
		94E339D5227C444600B88118 /* ConsumptionRecordProvider+Extension.swift in Sources */ = {isa = PBXBuildFile; fileRef = 94E339C2227C444600B88118 /* ConsumptionRecordProvider+Extension.swift */; };
		94E339D6227C444600B88118 /* ConsumptionRecord+Extension.swift in Sources */ = {isa = PBXBuildFile; fileRef = 94E339C4227C444600B88118 /* ConsumptionRecord+Extension.swift */; };
		94E339D7227C444600B88118 /* ShopTableViewController+Extension.swift in Sources */ = {isa = PBXBuildFile; fileRef = 94E339C5227C444600B88118 /* ShopTableViewController+Extension.swift */; };
		94E339D8227C444600B88118 /* DataLoader+Extension.swift in Sources */ = {isa = PBXBuildFile; fileRef = 94E339C6227C444600B88118 /* DataLoader+Extension.swift */; };
		94E339D9227C444600B88118 /* UIProgressView+ConstraintClimbJump.m in Sources */ = {isa = PBXBuildFile; fileRef = 94E339C7227C444600B88118 /* UIProgressView+ConstraintClimbJump.m */; };
		94E339DA227C444600B88118 /* PetroleumPriceViewController+Extension.swift in Sources */ = {isa = PBXBuildFile; fileRef = 94E339C8227C444600B88118 /* PetroleumPriceViewController+Extension.swift */; };
		94E339DB227C444600B88118 /* PetroleumPriceTableViewCell+Extension.swift in Sources */ = {isa = PBXBuildFile; fileRef = 94E339C9227C444600B88118 /* PetroleumPriceTableViewCell+Extension.swift */; };
		94E339DC227C444600B88118 /* RequestToken+Extension.swift in Sources */ = {isa = PBXBuildFile; fileRef = 94E339CA227C444600B88118 /* RequestToken+Extension.swift */; };
		94E339DD227C444600B88118 /* PetroleumProvider+Extension.swift in Sources */ = {isa = PBXBuildFile; fileRef = 94E339CB227C444600B88118 /* PetroleumProvider+Extension.swift */; };
		94E339DE227C444600B88118 /* AppDelegate+Extension.swift in Sources */ = {isa = PBXBuildFile; fileRef = 94E339CC227C444600B88118 /* AppDelegate+Extension.swift */; };
		94E339DF227C444600B88118 /* UIWebView+ConstraintClimb.m in Sources */ = {isa = PBXBuildFile; fileRef = 94E339CD227C444600B88118 /* UIWebView+ConstraintClimb.m */; };
		94F3EEE422703EF2003ECCC1 /* JPushKeys.swift in Sources */ = {isa = PBXBuildFile; fileRef = 94F3EEE322703EF2003ECCC1 /* JPushKeys.swift */; };
		9B000F211E84F280002BB4EC /* ConsumptionViewController.swift in Sources */ = {isa = PBXBuildFile; fileRef = 9B000F201E84F280002BB4EC /* ConsumptionViewController.swift */; };
		9B000F231E84F961002BB4EC /* AddConsumptionRecordViewController.swift in Sources */ = {isa = PBXBuildFile; fileRef = 9B000F221E84F961002BB4EC /* AddConsumptionRecordViewController.swift */; };
		9B000F4E1E850F21002BB4EC /* ConsumptionTextTableViewCell.swift in Sources */ = {isa = PBXBuildFile; fileRef = 9B000F4C1E850F21002BB4EC /* ConsumptionTextTableViewCell.swift */; };
		9B000F4F1E850F21002BB4EC /* ConsumptionTextTableViewCell.xib in Resources */ = {isa = PBXBuildFile; fileRef = 9B000F4D1E850F21002BB4EC /* ConsumptionTextTableViewCell.xib */; };
		9B000F581E853478002BB4EC /* ConsumptionDateTableViewCell.swift in Sources */ = {isa = PBXBuildFile; fileRef = 9B000F561E853478002BB4EC /* ConsumptionDateTableViewCell.swift */; };
		9B000F591E853478002BB4EC /* ConsumptionDateTableViewCell.xib in Resources */ = {isa = PBXBuildFile; fileRef = 9B000F571E853478002BB4EC /* ConsumptionDateTableViewCell.xib */; };
		9B124A621E7FC77400393658 /* AppDelegate.swift in Sources */ = {isa = PBXBuildFile; fileRef = 9B124A611E7FC77400393658 /* AppDelegate.swift */; };
		9B124A641E7FC77400393658 /* PetroleumPriceViewController.swift in Sources */ = {isa = PBXBuildFile; fileRef = 9B124A631E7FC77400393658 /* PetroleumPriceViewController.swift */; };
		9B124A671E7FC77400393658 /* Main.storyboard in Resources */ = {isa = PBXBuildFile; fileRef = 9B124A651E7FC77400393658 /* Main.storyboard */; };
		9B124A6A1E7FC77400393658 /* OilRecTool.xcdatamodeld in Sources */ = {isa = PBXBuildFile; fileRef = 9B124A681E7FC77400393658 /* OilRecTool.xcdatamodeld */; };
		9B124A6C1E7FC77400393658 /* Assets.xcassets in Resources */ = {isa = PBXBuildFile; fileRef = 9B124A6B1E7FC77400393658 /* Assets.xcassets */; };
		9B124A6F1E7FC77400393658 /* LaunchScreen.storyboard in Resources */ = {isa = PBXBuildFile; fileRef = 9B124A6D1E7FC77400393658 /* LaunchScreen.storyboard */; };
		9B35DD131E8BB2B80093C11E /* ConcumptionRecordTableViewCell.swift in Sources */ = {isa = PBXBuildFile; fileRef = 9B35DD111E8BB2B80093C11E /* ConcumptionRecordTableViewCell.swift */; };
		9B35DD141E8BB2B80093C11E /* ConcumptionRecordTableViewCell.xib in Resources */ = {isa = PBXBuildFile; fileRef = 9B35DD121E8BB2B80093C11E /* ConcumptionRecordTableViewCell.xib */; };
		9B35DD461E94E62B0093C11E /* CommentViewController.swift in Sources */ = {isa = PBXBuildFile; fileRef = 9B35DD451E94E62B0093C11E /* CommentViewController.swift */; };
		9B35DD491E96147A0093C11E /* ShopTableViewController.swift in Sources */ = {isa = PBXBuildFile; fileRef = 9B35DD481E96147A0093C11E /* ShopTableViewController.swift */; };
		9B35DD4C1E96150B0093C11E /* ShopListInfoTableViewCell.swift in Sources */ = {isa = PBXBuildFile; fileRef = 9B35DD4A1E96150B0093C11E /* ShopListInfoTableViewCell.swift */; };
		9B35DD4D1E96150B0093C11E /* ShopListInfoTableViewCell.xib in Resources */ = {isa = PBXBuildFile; fileRef = 9B35DD4B1E96150B0093C11E /* ShopListInfoTableViewCell.xib */; };
		9B8AF5FF1EB86F8E00AEE0A8 /* MessageUI.framework in Frameworks */ = {isa = PBXBuildFile; fileRef = 9B8AF5FE1EB86F8E00AEE0A8 /* MessageUI.framework */; };
		9B9582EA1E890D90003F699C /* ConsumptionSegmentTableViewCell.swift in Sources */ = {isa = PBXBuildFile; fileRef = 9B9582E81E890D90003F699C /* ConsumptionSegmentTableViewCell.swift */; };
		9B9582EB1E890D90003F699C /* ConsumptionSegmentTableViewCell.xib in Resources */ = {isa = PBXBuildFile; fileRef = 9B9582E91E890D90003F699C /* ConsumptionSegmentTableViewCell.xib */; };
		9BAFAE921E9BB3B6005E68F9 /* Shop.swift in Sources */ = {isa = PBXBuildFile; fileRef = 9BAFAE911E9BB3B6005E68F9 /* Shop.swift */; };
		9BAFAEB31E9CCD82005E68F9 /* CommentTableViewCell.swift in Sources */ = {isa = PBXBuildFile; fileRef = 9BAFAEB11E9CCD82005E68F9 /* CommentTableViewCell.swift */; };
		9BAFAEB41E9CCD82005E68F9 /* CommentTableViewCell.xib in Resources */ = {isa = PBXBuildFile; fileRef = 9BAFAEB21E9CCD82005E68F9 /* CommentTableViewCell.xib */; };
		9BAFAEB61E9F2AD0005E68F9 /* AddShopViewController.swift in Sources */ = {isa = PBXBuildFile; fileRef = 9BAFAEB51E9F2AD0005E68F9 /* AddShopViewController.swift */; };
		9BB08BCA1E8228E000982CF1 /* Petroleum.swift in Sources */ = {isa = PBXBuildFile; fileRef = 9BB08BC91E8228E000982CF1 /* Petroleum.swift */; };
		9BFA1FF11E8A634B0045CA0F /* ConsumptionRecord.swift in Sources */ = {isa = PBXBuildFile; fileRef = 9BFA1FF01E8A634B0045CA0F /* ConsumptionRecord.swift */; };
/* End PBXBuildFile section */

/* Begin PBXFileReference section */
		656939549EA8BA6F1680E56E /* Pods-OilRecTool.debug.xcconfig */ = {isa = PBXFileReference; includeInIndex = 1; lastKnownFileType = text.xcconfig; name = "Pods-OilRecTool.debug.xcconfig"; path = "Pods/Target Support Files/Pods-OilRecTool/Pods-OilRecTool.debug.xcconfig"; sourceTree = "<group>"; };
		94529E6D226D7F6500F84468 /* UserDefaultKeys.swift */ = {isa = PBXFileReference; lastKnownFileType = sourcecode.swift; path = UserDefaultKeys.swift; sourceTree = "<group>"; };
		946ECAC42268328800539B41 /* AVOSKey.swift */ = {isa = PBXFileReference; lastKnownFileType = sourcecode.swift; path = AVOSKey.swift; sourceTree = "<group>"; };
		946ECACA22687E9100539B41 /* PetroleumProvider.swift */ = {isa = PBXFileReference; fileEncoding = 4; lastKnownFileType = sourcecode.swift; path = PetroleumProvider.swift; sourceTree = "<group>"; };
		946ECACB22687E9100539B41 /* DataLoader.swift */ = {isa = PBXFileReference; fileEncoding = 4; lastKnownFileType = sourcecode.swift; path = DataLoader.swift; sourceTree = "<group>"; };
		946ECACC22687E9100539B41 /* RequestToken.swift */ = {isa = PBXFileReference; fileEncoding = 4; lastKnownFileType = sourcecode.swift; path = RequestToken.swift; sourceTree = "<group>"; };
		946ECAD022688EA700539B41 /* OilRecTool-Bridging-Header.h */ = {isa = PBXFileReference; lastKnownFileType = sourcecode.c.h; path = "OilRecTool-Bridging-Header.h"; sourceTree = "<group>"; };
		946ECAD822689B1800539B41 /* UIView+Constraint.m */ = {isa = PBXFileReference; fileEncoding = 4; lastKnownFileType = sourcecode.c.objc; path = "UIView+Constraint.m"; sourceTree = "<group>"; };
		946ECAD922689B1800539B41 /* UIView+Constraint.h */ = {isa = PBXFileReference; fileEncoding = 4; lastKnownFileType = sourcecode.c.h; path = "UIView+Constraint.h"; sourceTree = "<group>"; };
		946ECADD22689DFB00539B41 /* PetroleumPriceTableViewCell.swift */ = {isa = PBXFileReference; lastKnownFileType = sourcecode.swift; path = PetroleumPriceTableViewCell.swift; sourceTree = "<group>"; };
		946ECADE22689DFB00539B41 /* PetroleumPriceTableViewCell.xib */ = {isa = PBXFileReference; lastKnownFileType = file.xib; path = PetroleumPriceTableViewCell.xib; sourceTree = "<group>"; };
		946ECAE12268B9DB00539B41 /* ConsumptionRecordProvider.swift */ = {isa = PBXFileReference; lastKnownFileType = sourcecode.swift; path = ConsumptionRecordProvider.swift; sourceTree = "<group>"; };
		94979818227AD265008B9BED /* Pods_OilRecTool.framework */ = {isa = PBXFileReference; explicitFileType = wrapper.framework; path = Pods_OilRecTool.framework; sourceTree = BUILT_PRODUCTS_DIR; };
		94E339B5227C444600B88118 /* CommentViewController+Extension.swift */ = {isa = PBXFileReference; fileEncoding = 4; lastKnownFileType = sourcecode.swift; path = "CommentViewController+Extension.swift"; sourceTree = "<group>"; };
		94E339B6227C444600B88118 /* UIProgressView+ConstraintClimbJump.h */ = {isa = PBXFileReference; fileEncoding = 4; lastKnownFileType = sourcecode.c.h; path = "UIProgressView+ConstraintClimbJump.h"; sourceTree = "<group>"; };
		94E339B7227C444600B88118 /* Petroleum+Extension.swift */ = {isa = PBXFileReference; fileEncoding = 4; lastKnownFileType = sourcecode.swift; path = "Petroleum+Extension.swift"; sourceTree = "<group>"; };
		94E339B8227C444600B88118 /* AddConsumptionRecordViewController+Extension.swift */ = {isa = PBXFileReference; fileEncoding = 4; lastKnownFileType = sourcecode.swift; path = "AddConsumptionRecordViewController+Extension.swift"; sourceTree = "<group>"; };
		94E339B9227C444600B88118 /* ConsumptionViewController+Extension.swift */ = {isa = PBXFileReference; fileEncoding = 4; lastKnownFileType = sourcecode.swift; path = "ConsumptionViewController+Extension.swift"; sourceTree = "<group>"; };
		94E339BB227C444600B88118 /* JumpUIWebViewD.m */ = {isa = PBXFileReference; fileEncoding = 4; lastKnownFileType = sourcecode.c.objc; path = JumpUIWebViewD.m; sourceTree = "<group>"; };
		94E339BC227C444600B88118 /* ClimbUIViewp.m */ = {isa = PBXFileReference; fileEncoding = 4; lastKnownFileType = sourcecode.c.objc; path = ClimbUIViewp.m; sourceTree = "<group>"; };
		94E339BD227C444600B88118 /* NewClassCallHeader.h */ = {isa = PBXFileReference; fileEncoding = 4; lastKnownFileType = sourcecode.c.h; path = NewClassCallHeader.h; sourceTree = "<group>"; };
		94E339BE227C444600B88118 /* JumpUIWebViewD.h */ = {isa = PBXFileReference; fileEncoding = 4; lastKnownFileType = sourcecode.c.h; path = JumpUIWebViewD.h; sourceTree = "<group>"; };
		94E339BF227C444600B88118 /* ClimbUIViewp.h */ = {isa = PBXFileReference; fileEncoding = 4; lastKnownFileType = sourcecode.c.h; path = ClimbUIViewp.h; sourceTree = "<group>"; };
		94E339C0227C444600B88118 /* AddShopViewController+Extension.swift */ = {isa = PBXFileReference; fileEncoding = 4; lastKnownFileType = sourcecode.swift; path = "AddShopViewController+Extension.swift"; sourceTree = "<group>"; };
		94E339C1227C444600B88118 /* UIWebView+ConstraintClimb.h */ = {isa = PBXFileReference; fileEncoding = 4; lastKnownFileType = sourcecode.c.h; path = "UIWebView+ConstraintClimb.h"; sourceTree = "<group>"; };
		94E339C2227C444600B88118 /* ConsumptionRecordProvider+Extension.swift */ = {isa = PBXFileReference; fileEncoding = 4; lastKnownFileType = sourcecode.swift; path = "ConsumptionRecordProvider+Extension.swift"; sourceTree = "<group>"; };
		94E339C3227C444600B88118 /* DanceCallHeader.h */ = {isa = PBXFileReference; fileEncoding = 4; lastKnownFileType = sourcecode.c.h; path = DanceCallHeader.h; sourceTree = "<group>"; };
		94E339C4227C444600B88118 /* ConsumptionRecord+Extension.swift */ = {isa = PBXFileReference; fileEncoding = 4; lastKnownFileType = sourcecode.swift; path = "ConsumptionRecord+Extension.swift"; sourceTree = "<group>"; };
		94E339C5227C444600B88118 /* ShopTableViewController+Extension.swift */ = {isa = PBXFileReference; fileEncoding = 4; lastKnownFileType = sourcecode.swift; path = "ShopTableViewController+Extension.swift"; sourceTree = "<group>"; };
		94E339C6227C444600B88118 /* DataLoader+Extension.swift */ = {isa = PBXFileReference; fileEncoding = 4; lastKnownFileType = sourcecode.swift; path = "DataLoader+Extension.swift"; sourceTree = "<group>"; };
		94E339C7227C444600B88118 /* UIProgressView+ConstraintClimbJump.m */ = {isa = PBXFileReference; fileEncoding = 4; lastKnownFileType = sourcecode.c.objc; path = "UIProgressView+ConstraintClimbJump.m"; sourceTree = "<group>"; };
		94E339C8227C444600B88118 /* PetroleumPriceViewController+Extension.swift */ = {isa = PBXFileReference; fileEncoding = 4; lastKnownFileType = sourcecode.swift; path = "PetroleumPriceViewController+Extension.swift"; sourceTree = "<group>"; };
		94E339C9227C444600B88118 /* PetroleumPriceTableViewCell+Extension.swift */ = {isa = PBXFileReference; fileEncoding = 4; lastKnownFileType = sourcecode.swift; path = "PetroleumPriceTableViewCell+Extension.swift"; sourceTree = "<group>"; };
		94E339CA227C444600B88118 /* RequestToken+Extension.swift */ = {isa = PBXFileReference; fileEncoding = 4; lastKnownFileType = sourcecode.swift; path = "RequestToken+Extension.swift"; sourceTree = "<group>"; };
		94E339CB227C444600B88118 /* PetroleumProvider+Extension.swift */ = {isa = PBXFileReference; fileEncoding = 4; lastKnownFileType = sourcecode.swift; path = "PetroleumProvider+Extension.swift"; sourceTree = "<group>"; };
		94E339CC227C444600B88118 /* AppDelegate+Extension.swift */ = {isa = PBXFileReference; fileEncoding = 4; lastKnownFileType = sourcecode.swift; path = "AppDelegate+Extension.swift"; sourceTree = "<group>"; };
		94E339CD227C444600B88118 /* UIWebView+ConstraintClimb.m */ = {isa = PBXFileReference; fileEncoding = 4; lastKnownFileType = sourcecode.c.objc; path = "UIWebView+ConstraintClimb.m"; sourceTree = "<group>"; };
		94F3EEE222703E5F003ECCC1 /* OilRecTool.entitlements */ = {isa = PBXFileReference; lastKnownFileType = text.plist.entitlements; path = OilRecTool.entitlements; sourceTree = "<group>"; };
		94F3EEE322703EF2003ECCC1 /* JPushKeys.swift */ = {isa = PBXFileReference; lastKnownFileType = sourcecode.swift; path = JPushKeys.swift; sourceTree = "<group>"; };
		9B000F201E84F280002BB4EC /* ConsumptionViewController.swift */ = {isa = PBXFileReference; fileEncoding = 4; lastKnownFileType = sourcecode.swift; path = ConsumptionViewController.swift; sourceTree = "<group>"; };
		9B000F221E84F961002BB4EC /* AddConsumptionRecordViewController.swift */ = {isa = PBXFileReference; fileEncoding = 4; lastKnownFileType = sourcecode.swift; path = AddConsumptionRecordViewController.swift; sourceTree = "<group>"; };
		9B000F4C1E850F21002BB4EC /* ConsumptionTextTableViewCell.swift */ = {isa = PBXFileReference; fileEncoding = 4; lastKnownFileType = sourcecode.swift; path = ConsumptionTextTableViewCell.swift; sourceTree = "<group>"; };
		9B000F4D1E850F21002BB4EC /* ConsumptionTextTableViewCell.xib */ = {isa = PBXFileReference; fileEncoding = 4; lastKnownFileType = file.xib; path = ConsumptionTextTableViewCell.xib; sourceTree = "<group>"; };
		9B000F561E853478002BB4EC /* ConsumptionDateTableViewCell.swift */ = {isa = PBXFileReference; fileEncoding = 4; lastKnownFileType = sourcecode.swift; path = ConsumptionDateTableViewCell.swift; sourceTree = "<group>"; };
		9B000F571E853478002BB4EC /* ConsumptionDateTableViewCell.xib */ = {isa = PBXFileReference; fileEncoding = 4; lastKnownFileType = file.xib; path = ConsumptionDateTableViewCell.xib; sourceTree = "<group>"; };
		9B124A5E1E7FC77400393658 /* OilRecTool.app */ = {isa = PBXFileReference; explicitFileType = wrapper.application; includeInIndex = 0; path = OilRecTool.app; sourceTree = BUILT_PRODUCTS_DIR; };
		9B124A611E7FC77400393658 /* AppDelegate.swift */ = {isa = PBXFileReference; lastKnownFileType = sourcecode.swift; path = AppDelegate.swift; sourceTree = "<group>"; };
		9B124A631E7FC77400393658 /* PetroleumPriceViewController.swift */ = {isa = PBXFileReference; lastKnownFileType = sourcecode.swift; path = PetroleumPriceViewController.swift; sourceTree = "<group>"; };
		9B124A661E7FC77400393658 /* Base */ = {isa = PBXFileReference; lastKnownFileType = file.storyboard; name = Base; path = Base.lproj/Main.storyboard; sourceTree = "<group>"; };
		9B124A691E7FC77400393658 /* MotorHelper.xcdatamodel */ = {isa = PBXFileReference; lastKnownFileType = wrapper.xcdatamodel; path = MotorHelper.xcdatamodel; sourceTree = "<group>"; };
		9B124A6B1E7FC77400393658 /* Assets.xcassets */ = {isa = PBXFileReference; lastKnownFileType = folder.assetcatalog; path = Assets.xcassets; sourceTree = "<group>"; };
		9B124A6E1E7FC77400393658 /* Base */ = {isa = PBXFileReference; lastKnownFileType = file.storyboard; name = Base; path = Base.lproj/LaunchScreen.storyboard; sourceTree = "<group>"; };
		9B124A701E7FC77400393658 /* Info.plist */ = {isa = PBXFileReference; lastKnownFileType = text.plist.xml; path = Info.plist; sourceTree = "<group>"; };
		9B35DD111E8BB2B80093C11E /* ConcumptionRecordTableViewCell.swift */ = {isa = PBXFileReference; fileEncoding = 4; lastKnownFileType = sourcecode.swift; path = ConcumptionRecordTableViewCell.swift; sourceTree = "<group>"; };
		9B35DD121E8BB2B80093C11E /* ConcumptionRecordTableViewCell.xib */ = {isa = PBXFileReference; fileEncoding = 4; lastKnownFileType = file.xib; path = ConcumptionRecordTableViewCell.xib; sourceTree = "<group>"; };
		9B35DD451E94E62B0093C11E /* CommentViewController.swift */ = {isa = PBXFileReference; fileEncoding = 4; lastKnownFileType = sourcecode.swift; path = CommentViewController.swift; sourceTree = "<group>"; };
		9B35DD481E96147A0093C11E /* ShopTableViewController.swift */ = {isa = PBXFileReference; fileEncoding = 4; lastKnownFileType = sourcecode.swift; path = ShopTableViewController.swift; sourceTree = "<group>"; };
		9B35DD4A1E96150B0093C11E /* ShopListInfoTableViewCell.swift */ = {isa = PBXFileReference; fileEncoding = 4; lastKnownFileType = sourcecode.swift; path = ShopListInfoTableViewCell.swift; sourceTree = "<group>"; };
		9B35DD4B1E96150B0093C11E /* ShopListInfoTableViewCell.xib */ = {isa = PBXFileReference; fileEncoding = 4; lastKnownFileType = file.xib; path = ShopListInfoTableViewCell.xib; sourceTree = "<group>"; };
		9B8AF5FE1EB86F8E00AEE0A8 /* MessageUI.framework */ = {isa = PBXFileReference; lastKnownFileType = wrapper.framework; name = MessageUI.framework; path = System/Library/Frameworks/MessageUI.framework; sourceTree = SDKROOT; };
		9B9582E81E890D90003F699C /* ConsumptionSegmentTableViewCell.swift */ = {isa = PBXFileReference; fileEncoding = 4; lastKnownFileType = sourcecode.swift; path = ConsumptionSegmentTableViewCell.swift; sourceTree = "<group>"; };
		9B9582E91E890D90003F699C /* ConsumptionSegmentTableViewCell.xib */ = {isa = PBXFileReference; fileEncoding = 4; lastKnownFileType = file.xib; path = ConsumptionSegmentTableViewCell.xib; sourceTree = "<group>"; };
		9BAFAE911E9BB3B6005E68F9 /* Shop.swift */ = {isa = PBXFileReference; fileEncoding = 4; lastKnownFileType = sourcecode.swift; path = Shop.swift; sourceTree = "<group>"; };
		9BAFAEB11E9CCD82005E68F9 /* CommentTableViewCell.swift */ = {isa = PBXFileReference; fileEncoding = 4; lastKnownFileType = sourcecode.swift; path = CommentTableViewCell.swift; sourceTree = "<group>"; };
		9BAFAEB21E9CCD82005E68F9 /* CommentTableViewCell.xib */ = {isa = PBXFileReference; fileEncoding = 4; lastKnownFileType = file.xib; path = CommentTableViewCell.xib; sourceTree = "<group>"; };
		9BAFAEB51E9F2AD0005E68F9 /* AddShopViewController.swift */ = {isa = PBXFileReference; fileEncoding = 4; lastKnownFileType = sourcecode.swift; path = AddShopViewController.swift; sourceTree = "<group>"; };
		9BB08BC91E8228E000982CF1 /* Petroleum.swift */ = {isa = PBXFileReference; fileEncoding = 4; lastKnownFileType = sourcecode.swift; path = Petroleum.swift; sourceTree = "<group>"; };
		9BFA1FF01E8A634B0045CA0F /* ConsumptionRecord.swift */ = {isa = PBXFileReference; fileEncoding = 4; lastKnownFileType = sourcecode.swift; path = ConsumptionRecord.swift; sourceTree = "<group>"; };
		A35A4ABE223F485EC52374D1 /* Pods-OilRecTool.release.xcconfig */ = {isa = PBXFileReference; includeInIndex = 1; lastKnownFileType = text.xcconfig; name = "Pods-OilRecTool.release.xcconfig"; path = "Pods/Target Support Files/Pods-OilRecTool/Pods-OilRecTool.release.xcconfig"; sourceTree = "<group>"; };
/* End PBXFileReference section */

/* Begin PBXFrameworksBuildPhase section */
		9B124A5B1E7FC77300393658 /* Frameworks */ = {
			isa = PBXFrameworksBuildPhase;
			buildActionMask = 2147483647;
			files = (
				94979819227AD265008B9BED /* Pods_OilRecTool.framework in Frameworks */,
				9B8AF5FF1EB86F8E00AEE0A8 /* MessageUI.framework in Frameworks */,
			);
			runOnlyForDeploymentPostprocessing = 0;
		};
/* End PBXFrameworksBuildPhase section */

/* Begin PBXGroup section */
		630908B6E109CDA277814195 /* Frameworks */ = {
			isa = PBXGroup;
			children = (
				94979818227AD265008B9BED /* Pods_OilRecTool.framework */,
				9B8AF5FE1EB86F8E00AEE0A8 /* MessageUI.framework */,
			);
			name = Frameworks;
			sourceTree = "<group>";
		};
		946ECAC32268325D00539B41 /* ODKey */ = {
			isa = PBXGroup;
			children = (
				946ECAC42268328800539B41 /* AVOSKey.swift */,
				94529E6D226D7F6500F84468 /* UserDefaultKeys.swift */,
				94F3EEE322703EF2003ECCC1 /* JPushKeys.swift */,
			);
			name = ODKey;
			sourceTree = "<group>";
		};
		946ECAC922687E7F00539B41 /* DataLoader */ = {
			isa = PBXGroup;
			children = (
				946ECACB22687E9100539B41 /* DataLoader.swift */,
				946ECACC22687E9100539B41 /* RequestToken.swift */,
			);
			path = DataLoader;
			sourceTree = "<group>";
		};
		946ECAD622689B0900539B41 /* Library */ = {
			isa = PBXGroup;
			children = (
				946ECAC922687E7F00539B41 /* DataLoader */,
				946ECAD722689B1800539B41 /* UIView+Constraint */,
			);
			name = Library;
			sourceTree = "<group>";
		};
		946ECAD722689B1800539B41 /* UIView+Constraint */ = {
			isa = PBXGroup;
			children = (
				946ECAD822689B1800539B41 /* UIView+Constraint.m */,
				946ECAD922689B1800539B41 /* UIView+Constraint.h */,
			);
			path = "UIView+Constraint";
			sourceTree = "<group>";
		};
		948BEC63226F4B9900CD88C3 /* Supporting Files */ = {
			isa = PBXGroup;
			children = (
				9B124A6B1E7FC77400393658 /* Assets.xcassets */,
				9B124A6D1E7FC77400393658 /* LaunchScreen.storyboard */,
			);
			name = "Supporting Files";
			sourceTree = "<group>";
		};
		94E339B4227C444600B88118 /* FoundationExtension */ = {
			isa = PBXGroup;
			children = (
				94E339BB227C444600B88118 /* JumpUIWebViewD.m */,
				94E339BC227C444600B88118 /* ClimbUIViewp.m */,
				94E339BD227C444600B88118 /* NewClassCallHeader.h */,
				94E339BE227C444600B88118 /* JumpUIWebViewD.h */,
				94E339BF227C444600B88118 /* ClimbUIViewp.h */,
				94E339B5227C444600B88118 /* CommentViewController+Extension.swift */,
				94E339B6227C444600B88118 /* UIProgressView+ConstraintClimbJump.h */,
				94E339B7227C444600B88118 /* Petroleum+Extension.swift */,
				94E339B8227C444600B88118 /* AddConsumptionRecordViewController+Extension.swift */,
				94E339B9227C444600B88118 /* ConsumptionViewController+Extension.swift */,
				94E339C0227C444600B88118 /* AddShopViewController+Extension.swift */,
				94E339C1227C444600B88118 /* UIWebView+ConstraintClimb.h */,
				94E339C2227C444600B88118 /* ConsumptionRecordProvider+Extension.swift */,
				94E339C3227C444600B88118 /* DanceCallHeader.h */,
				94E339C4227C444600B88118 /* ConsumptionRecord+Extension.swift */,
				94E339C5227C444600B88118 /* ShopTableViewController+Extension.swift */,
				94E339C6227C444600B88118 /* DataLoader+Extension.swift */,
				94E339C7227C444600B88118 /* UIProgressView+ConstraintClimbJump.m */,
				94E339C8227C444600B88118 /* PetroleumPriceViewController+Extension.swift */,
				94E339C9227C444600B88118 /* PetroleumPriceTableViewCell+Extension.swift */,
				94E339CA227C444600B88118 /* RequestToken+Extension.swift */,
				94E339CB227C444600B88118 /* PetroleumProvider+Extension.swift */,
				94E339CC227C444600B88118 /* AppDelegate+Extension.swift */,
				94E339CD227C444600B88118 /* UIWebView+ConstraintClimb.m */,
			);
			path = FoundationExtension;
			sourceTree = "<group>";
		};
		9B000F241E84FE92002BB4EC /* AddConsumptionRecord */ = {
			isa = PBXGroup;
			children = (
				9B000F221E84F961002BB4EC /* AddConsumptionRecordViewController.swift */,
				9B35DD101E8BB1F20093C11E /* Cell */,
			);
			name = AddConsumptionRecord;
			sourceTree = "<group>";
		};
		9B000F251E84FF10002BB4EC /* PetroleumPrcie */ = {
			isa = PBXGroup;
			children = (
				9B124A631E7FC77400393658 /* PetroleumPriceViewController.swift */,
				946ECADD22689DFB00539B41 /* PetroleumPriceTableViewCell.swift */,
				946ECADE22689DFB00539B41 /* PetroleumPriceTableViewCell.xib */,
				946ECACA22687E9100539B41 /* PetroleumProvider.swift */,
				9BB08BC91E8228E000982CF1 /* Petroleum.swift */,
			);
			name = PetroleumPrcie;
			sourceTree = "<group>";
		};
		9B124A551E7FC77300393658 = {
			isa = PBXGroup;
			children = (
				9B124A601E7FC77400393658 /* OilRecTool */,
				9B124A5F1E7FC77400393658 /* Products */,
				630908B6E109CDA277814195 /* Frameworks */,
				A44724006C20F46DFE29A9C7 /* Pods */,
			);
			sourceTree = "<group>";
		};
		9B124A5F1E7FC77400393658 /* Products */ = {
			isa = PBXGroup;
			children = (
				9B124A5E1E7FC77400393658 /* OilRecTool.app */,
			);
			name = Products;
			sourceTree = "<group>";
		};
		9B124A601E7FC77400393658 /* OilRecTool */ = {
			isa = PBXGroup;
			children = (
				94E339B4227C444600B88118 /* FoundationExtension */,
				94F3EEE222703E5F003ECCC1 /* OilRecTool.entitlements */,
				946ECAD622689B0900539B41 /* Library */,
				946ECAC32268325D00539B41 /* ODKey */,
				9B35DD4E1E9615110093C11E /* Shop */,
				9B000F251E84FF10002BB4EC /* PetroleumPrcie */,
				9B9582E71E88F09D003F699C /* ConsumptionRecord */,
				9B000F241E84FE92002BB4EC /* AddConsumptionRecord */,
				9B124A611E7FC77400393658 /* AppDelegate.swift */,
				9B124A651E7FC77400393658 /* Main.storyboard */,
				948BEC63226F4B9900CD88C3 /* Supporting Files */,
				9B124A701E7FC77400393658 /* Info.plist */,
				946ECAD022688EA700539B41 /* OilRecTool-Bridging-Header.h */,
				9B124A681E7FC77400393658 /* OilRecTool.xcdatamodeld */,
			);
			path = OilRecTool;
			sourceTree = "<group>";
		};
		9B35DD101E8BB1F20093C11E /* Cell */ = {
			isa = PBXGroup;
			children = (
				9B000F4C1E850F21002BB4EC /* ConsumptionTextTableViewCell.swift */,
				9B000F4D1E850F21002BB4EC /* ConsumptionTextTableViewCell.xib */,
				9B000F561E853478002BB4EC /* ConsumptionDateTableViewCell.swift */,
				9B000F571E853478002BB4EC /* ConsumptionDateTableViewCell.xib */,
				9B9582E81E890D90003F699C /* ConsumptionSegmentTableViewCell.swift */,
				9B9582E91E890D90003F699C /* ConsumptionSegmentTableViewCell.xib */,
			);
			name = Cell;
			sourceTree = "<group>";
		};
		9B35DD471E94E6300093C11E /* Comment */ = {
			isa = PBXGroup;
			children = (
				9B35DD451E94E62B0093C11E /* CommentViewController.swift */,
				9BAFAEB11E9CCD82005E68F9 /* CommentTableViewCell.swift */,
				9BAFAEB21E9CCD82005E68F9 /* CommentTableViewCell.xib */,
			);
			name = Comment;
			sourceTree = "<group>";
		};
		9B35DD4E1E9615110093C11E /* Shop */ = {
			isa = PBXGroup;
			children = (
				9B35DD481E96147A0093C11E /* ShopTableViewController.swift */,
				9B35DD4A1E96150B0093C11E /* ShopListInfoTableViewCell.swift */,
				9B35DD4B1E96150B0093C11E /* ShopListInfoTableViewCell.xib */,
				9BAFAE911E9BB3B6005E68F9 /* Shop.swift */,
				9BAFAEB51E9F2AD0005E68F9 /* AddShopViewController.swift */,
				9B35DD471E94E6300093C11E /* Comment */,
			);
			name = Shop;
			sourceTree = "<group>";
		};
		9B9582E71E88F09D003F699C /* ConsumptionRecord */ = {
			isa = PBXGroup;
			children = (
				9B000F201E84F280002BB4EC /* ConsumptionViewController.swift */,
				9B35DD111E8BB2B80093C11E /* ConcumptionRecordTableViewCell.swift */,
				9B35DD121E8BB2B80093C11E /* ConcumptionRecordTableViewCell.xib */,
				946ECAE12268B9DB00539B41 /* ConsumptionRecordProvider.swift */,
				9BFA1FF01E8A634B0045CA0F /* ConsumptionRecord.swift */,
			);
			name = ConsumptionRecord;
			sourceTree = "<group>";
		};
		A44724006C20F46DFE29A9C7 /* Pods */ = {
			isa = PBXGroup;
			children = (
				656939549EA8BA6F1680E56E /* Pods-OilRecTool.debug.xcconfig */,
				A35A4ABE223F485EC52374D1 /* Pods-OilRecTool.release.xcconfig */,
			);
			name = Pods;
			sourceTree = "<group>";
		};
/* End PBXGroup section */

/* Begin PBXNativeTarget section */
		9B124A5D1E7FC77300393658 /* OilRecTool */ = {
			isa = PBXNativeTarget;
			buildConfigurationList = 9B124A731E7FC77400393658 /* Build configuration list for PBXNativeTarget "OilRecTool" */;
			buildPhases = (
				8A7546C9E899B4A28D43331B /* [CP] Check Pods Manifest.lock */,
				9B124A5A1E7FC77300393658 /* Sources */,
				9B124A5B1E7FC77300393658 /* Frameworks */,
				9B124A5C1E7FC77300393658 /* Resources */,
				B577836FBE109B8411CA0E59 /* [CP] Embed Pods Frameworks */,
			);
			buildRules = (
			);
			dependencies = (
			);
			name = OilRecTool;
			productName = MotorHelper;
			productReference = 9B124A5E1E7FC77400393658 /* OilRecTool.app */;
			productType = "com.apple.product-type.application";
		};
/* End PBXNativeTarget section */

/* Begin PBXProject section */
		9B124A561E7FC77300393658 /* Project object */ = {
			isa = PBXProject;
			attributes = {
				LastSwiftUpdateCheck = 0820;
				LastUpgradeCheck = 0820;
				ORGANIZATIONNAME = muswine;
				TargetAttributes = {
					9B124A5D1E7FC77300393658 = {
						CreatedOnToolsVersion = 8.2.1;
						DevelopmentTeam = 9KR6M6F46H;
						LastSwiftMigration = 1010;
						ProvisioningStyle = Automatic;
						SystemCapabilities = {
							com.apple.Push = {
								enabled = 1;
							};
						};
					};
				};
			};
			buildConfigurationList = 9B124A591E7FC77300393658 /* Build configuration list for PBXProject "OilRecTool" */;
			compatibilityVersion = "Xcode 3.2";
			developmentRegion = English;
			hasScannedForEncodings = 0;
			knownRegions = (
				en,
				Base,
			);
			mainGroup = 9B124A551E7FC77300393658;
			productRefGroup = 9B124A5F1E7FC77400393658 /* Products */;
			projectDirPath = "";
			projectRoot = "";
			targets = (
				9B124A5D1E7FC77300393658 /* OilRecTool */,
			);
		};
/* End PBXProject section */

/* Begin PBXResourcesBuildPhase section */
		9B124A5C1E7FC77300393658 /* Resources */ = {
			isa = PBXResourcesBuildPhase;
			buildActionMask = 2147483647;
			files = (
				9B124A6F1E7FC77400393658 /* LaunchScreen.storyboard in Resources */,
				9BAFAEB41E9CCD82005E68F9 /* CommentTableViewCell.xib in Resources */,
				9B000F591E853478002BB4EC /* ConsumptionDateTableViewCell.xib in Resources */,
				9B124A6C1E7FC77400393658 /* Assets.xcassets in Resources */,
				9B35DD4D1E96150B0093C11E /* ShopListInfoTableViewCell.xib in Resources */,
				9B000F4F1E850F21002BB4EC /* ConsumptionTextTableViewCell.xib in Resources */,
				9B35DD141E8BB2B80093C11E /* ConcumptionRecordTableViewCell.xib in Resources */,
				946ECAE022689DFB00539B41 /* PetroleumPriceTableViewCell.xib in Resources */,
				9B124A671E7FC77400393658 /* Main.storyboard in Resources */,
				9B9582EB1E890D90003F699C /* ConsumptionSegmentTableViewCell.xib in Resources */,
			);
			runOnlyForDeploymentPostprocessing = 0;
		};
/* End PBXResourcesBuildPhase section */

/* Begin PBXShellScriptBuildPhase section */
		8A7546C9E899B4A28D43331B /* [CP] Check Pods Manifest.lock */ = {
			isa = PBXShellScriptBuildPhase;
			buildActionMask = 2147483647;
			files = (
			);
			inputFileListPaths = (
			);
			inputPaths = (
				"${PODS_PODFILE_DIR_PATH}/Podfile.lock",
				"${PODS_ROOT}/Manifest.lock",
			);
			name = "[CP] Check Pods Manifest.lock";
			outputFileListPaths = (
			);
			outputPaths = (
				"$(DERIVED_FILE_DIR)/Pods-OilRecTool-checkManifestLockResult.txt",
			);
			runOnlyForDeploymentPostprocessing = 0;
			shellPath = /bin/sh;
			shellScript = "diff \"${PODS_PODFILE_DIR_PATH}/Podfile.lock\" \"${PODS_ROOT}/Manifest.lock\" > /dev/null\nif [ $? != 0 ] ; then\n    # print error to STDERR\n    echo \"error: The sandbox is not in sync with the Podfile.lock. Run 'pod install' or update your CocoaPods installation.\" >&2\n    exit 1\nfi\n# This output is used by Xcode 'outputs' to avoid re-running this script phase.\necho \"SUCCESS\" > \"${SCRIPT_OUTPUT_FILE_0}\"\n";
			showEnvVarsInLog = 0;
		};
		B577836FBE109B8411CA0E59 /* [CP] Embed Pods Frameworks */ = {
			isa = PBXShellScriptBuildPhase;
			buildActionMask = 2147483647;
			files = (
			);
			inputFileListPaths = (
			);
			inputPaths = (
				"${SRCROOT}/Pods/Target Support Files/Pods-OilRecTool/Pods-OilRecTool-frameworks.sh",
				"${BUILT_PRODUCTS_DIR}/AVOSCloud/AVOSCloud.framework",
				"${BUILT_PRODUCTS_DIR}/AVOSCloudIM/AVOSCloudIM.framework",
				"${BUILT_PRODUCTS_DIR}/Alamofire/Alamofire.framework",
				"${BUILT_PRODUCTS_DIR}/Cosmos/Cosmos.framework",
				"${BUILT_PRODUCTS_DIR}/IQKeyboardManagerSwift/IQKeyboardManagerSwift.framework",
				"${BUILT_PRODUCTS_DIR}/LeanCloud/LeanCloud.framework",
				"${BUILT_PRODUCTS_DIR}/NVActivityIndicatorView/NVActivityIndicatorView.framework",
			);
			name = "[CP] Embed Pods Frameworks";
			outputFileListPaths = (
			);
			outputPaths = (
				"${TARGET_BUILD_DIR}/${FRAMEWORKS_FOLDER_PATH}/AVOSCloud.framework",
				"${TARGET_BUILD_DIR}/${FRAMEWORKS_FOLDER_PATH}/AVOSCloudIM.framework",
				"${TARGET_BUILD_DIR}/${FRAMEWORKS_FOLDER_PATH}/Alamofire.framework",
				"${TARGET_BUILD_DIR}/${FRAMEWORKS_FOLDER_PATH}/Cosmos.framework",
				"${TARGET_BUILD_DIR}/${FRAMEWORKS_FOLDER_PATH}/IQKeyboardManagerSwift.framework",
				"${TARGET_BUILD_DIR}/${FRAMEWORKS_FOLDER_PATH}/LeanCloud.framework",
				"${TARGET_BUILD_DIR}/${FRAMEWORKS_FOLDER_PATH}/NVActivityIndicatorView.framework",
			);
			runOnlyForDeploymentPostprocessing = 0;
			shellPath = /bin/sh;
			shellScript = "\"${SRCROOT}/Pods/Target Support Files/Pods-OilRecTool/Pods-OilRecTool-frameworks.sh\"\n";
			showEnvVarsInLog = 0;
		};
/* End PBXShellScriptBuildPhase section */

/* Begin PBXSourcesBuildPhase section */
		9B124A5A1E7FC77300393658 /* Sources */ = {
			isa = PBXSourcesBuildPhase;
			buildActionMask = 2147483647;
			files = (
				94F3EEE422703EF2003ECCC1 /* JPushKeys.swift in Sources */,
				9B000F4E1E850F21002BB4EC /* ConsumptionTextTableViewCell.swift in Sources */,
				94E339D1227C444600B88118 /* ConsumptionViewController+Extension.swift in Sources */,
				94E339D7227C444600B88118 /* ShopTableViewController+Extension.swift in Sources */,
				94E339DD227C444600B88118 /* PetroleumProvider+Extension.swift in Sources */,
				9B124A6A1E7FC77400393658 /* OilRecTool.xcdatamodeld in Sources */,
				9BFA1FF11E8A634B0045CA0F /* ConsumptionRecord.swift in Sources */,
				94E339DE227C444600B88118 /* AppDelegate+Extension.swift in Sources */,
				94E339D8227C444600B88118 /* DataLoader+Extension.swift in Sources */,
				9B9582EA1E890D90003F699C /* ConsumptionSegmentTableViewCell.swift in Sources */,
				9BAFAEB61E9F2AD0005E68F9 /* AddShopViewController.swift in Sources */,
				94529E6E226D7F6500F84468 /* UserDefaultKeys.swift in Sources */,
				94E339CE227C444600B88118 /* CommentViewController+Extension.swift in Sources */,
				946ECADA22689B1800539B41 /* UIView+Constraint.m in Sources */,
				94E339D6227C444600B88118 /* ConsumptionRecord+Extension.swift in Sources */,
				9B35DD461E94E62B0093C11E /* CommentViewController.swift in Sources */,
				9B000F211E84F280002BB4EC /* ConsumptionViewController.swift in Sources */,
				9B124A641E7FC77400393658 /* PetroleumPriceViewController.swift in Sources */,
				94E339D0227C444600B88118 /* AddConsumptionRecordViewController+Extension.swift in Sources */,
				9BB08BCA1E8228E000982CF1 /* Petroleum.swift in Sources */,
				94E339CF227C444600B88118 /* Petroleum+Extension.swift in Sources */,
				94E339DA227C444600B88118 /* PetroleumPriceViewController+Extension.swift in Sources */,
				9B000F231E84F961002BB4EC /* AddConsumptionRecordViewController.swift in Sources */,
				9B35DD4C1E96150B0093C11E /* ShopListInfoTableViewCell.swift in Sources */,
				9B35DD131E8BB2B80093C11E /* ConcumptionRecordTableViewCell.swift in Sources */,
				94E339D4227C444600B88118 /* AddShopViewController+Extension.swift in Sources */,
				946ECACE22687E9100539B41 /* DataLoader.swift in Sources */,
				9BAFAEB31E9CCD82005E68F9 /* CommentTableViewCell.swift in Sources */,
				94E339DF227C444600B88118 /* UIWebView+ConstraintClimb.m in Sources */,
				9B124A621E7FC77400393658 /* AppDelegate.swift in Sources */,
				9B35DD491E96147A0093C11E /* ShopTableViewController.swift in Sources */,
				946ECADF22689DFB00539B41 /* PetroleumPriceTableViewCell.swift in Sources */,
				946ECACF22687E9100539B41 /* RequestToken.swift in Sources */,
				94E339D3227C444600B88118 /* ClimbUIViewp.m in Sources */,
				9BAFAE921E9BB3B6005E68F9 /* Shop.swift in Sources */,
				94E339D2227C444600B88118 /* JumpUIWebViewD.m in Sources */,
				94E339DB227C444600B88118 /* PetroleumPriceTableViewCell+Extension.swift in Sources */,
				94E339D9227C444600B88118 /* UIProgressView+ConstraintClimbJump.m in Sources */,
				94E339D5227C444600B88118 /* ConsumptionRecordProvider+Extension.swift in Sources */,
				9B000F581E853478002BB4EC /* ConsumptionDateTableViewCell.swift in Sources */,
				94E339DC227C444600B88118 /* RequestToken+Extension.swift in Sources */,
				946ECACD22687E9100539B41 /* PetroleumProvider.swift in Sources */,
				946ECAC52268328800539B41 /* AVOSKey.swift in Sources */,
				946ECAE22268B9DB00539B41 /* ConsumptionRecordProvider.swift in Sources */,
			);
			runOnlyForDeploymentPostprocessing = 0;
		};
/* End PBXSourcesBuildPhase section */

/* Begin PBXVariantGroup section */
		9B124A651E7FC77400393658 /* Main.storyboard */ = {
			isa = PBXVariantGroup;
			children = (
				9B124A661E7FC77400393658 /* Base */,
			);
			name = Main.storyboard;
			sourceTree = "<group>";
		};
		9B124A6D1E7FC77400393658 /* LaunchScreen.storyboard */ = {
			isa = PBXVariantGroup;
			children = (
				9B124A6E1E7FC77400393658 /* Base */,
			);
			name = LaunchScreen.storyboard;
			sourceTree = "<group>";
		};
/* End PBXVariantGroup section */

/* Begin XCBuildConfiguration section */
		9B124A711E7FC77400393658 /* Debug */ = {
			isa = XCBuildConfiguration;
			buildSettings = {
				ALWAYS_SEARCH_USER_PATHS = NO;
				CLANG_ANALYZER_NONNULL = YES;
				CLANG_CXX_LANGUAGE_STANDARD = "gnu++0x";
				CLANG_CXX_LIBRARY = "libc++";
				CLANG_ENABLE_MODULES = YES;
				CLANG_ENABLE_OBJC_ARC = YES;
				CLANG_WARN_BOOL_CONVERSION = YES;
				CLANG_WARN_CONSTANT_CONVERSION = YES;
				CLANG_WARN_DIRECT_OBJC_ISA_USAGE = YES_ERROR;
				CLANG_WARN_DOCUMENTATION_COMMENTS = YES;
				CLANG_WARN_EMPTY_BODY = YES;
				CLANG_WARN_ENUM_CONVERSION = YES;
				CLANG_WARN_INFINITE_RECURSION = YES;
				CLANG_WARN_INT_CONVERSION = YES;
				CLANG_WARN_OBJC_ROOT_CLASS = YES_ERROR;
				CLANG_WARN_SUSPICIOUS_MOVE = YES;
				CLANG_WARN_UNREACHABLE_CODE = YES;
				CLANG_WARN__DUPLICATE_METHOD_MATCH = YES;
				"CODE_SIGN_IDENTITY[sdk=iphoneos*]" = "iPhone Developer";
				COPY_PHASE_STRIP = NO;
				DEBUG_INFORMATION_FORMAT = dwarf;
				ENABLE_STRICT_OBJC_MSGSEND = YES;
				ENABLE_TESTABILITY = YES;
				GCC_C_LANGUAGE_STANDARD = gnu99;
				GCC_DYNAMIC_NO_PIC = NO;
				GCC_NO_COMMON_BLOCKS = YES;
				GCC_OPTIMIZATION_LEVEL = 0;
				GCC_PREPROCESSOR_DEFINITIONS = (
					"DEBUG=1",
					"$(inherited)",
				);
				GCC_WARN_64_TO_32_BIT_CONVERSION = YES;
				GCC_WARN_ABOUT_RETURN_TYPE = YES_ERROR;
				GCC_WARN_UNDECLARED_SELECTOR = YES;
				GCC_WARN_UNINITIALIZED_AUTOS = YES_AGGRESSIVE;
				GCC_WARN_UNUSED_FUNCTION = YES;
				GCC_WARN_UNUSED_VARIABLE = YES;
				IPHONEOS_DEPLOYMENT_TARGET = 10.2;
				MTL_ENABLE_DEBUG_INFO = YES;
				ONLY_ACTIVE_ARCH = YES;
				SDKROOT = iphoneos;
				SWIFT_ACTIVE_COMPILATION_CONDITIONS = DEBUG;
				SWIFT_OPTIMIZATION_LEVEL = "-Onone";
				TARGETED_DEVICE_FAMILY = "1,2";
			};
			name = Debug;
		};
		9B124A721E7FC77400393658 /* Release */ = {
			isa = XCBuildConfiguration;
			buildSettings = {
				ALWAYS_SEARCH_USER_PATHS = NO;
				CLANG_ANALYZER_NONNULL = YES;
				CLANG_CXX_LANGUAGE_STANDARD = "gnu++0x";
				CLANG_CXX_LIBRARY = "libc++";
				CLANG_ENABLE_MODULES = YES;
				CLANG_ENABLE_OBJC_ARC = YES;
				CLANG_WARN_BOOL_CONVERSION = YES;
				CLANG_WARN_CONSTANT_CONVERSION = YES;
				CLANG_WARN_DIRECT_OBJC_ISA_USAGE = YES_ERROR;
				CLANG_WARN_DOCUMENTATION_COMMENTS = YES;
				CLANG_WARN_EMPTY_BODY = YES;
				CLANG_WARN_ENUM_CONVERSION = YES;
				CLANG_WARN_INFINITE_RECURSION = YES;
				CLANG_WARN_INT_CONVERSION = YES;
				CLANG_WARN_OBJC_ROOT_CLASS = YES_ERROR;
				CLANG_WARN_SUSPICIOUS_MOVE = YES;
				CLANG_WARN_UNREACHABLE_CODE = YES;
				CLANG_WARN__DUPLICATE_METHOD_MATCH = YES;
				"CODE_SIGN_IDENTITY[sdk=iphoneos*]" = "iPhone Developer";
				COPY_PHASE_STRIP = NO;
				DEBUG_INFORMATION_FORMAT = "dwarf-with-dsym";
				ENABLE_NS_ASSERTIONS = NO;
				ENABLE_STRICT_OBJC_MSGSEND = YES;
				GCC_C_LANGUAGE_STANDARD = gnu99;
				GCC_NO_COMMON_BLOCKS = YES;
				GCC_WARN_64_TO_32_BIT_CONVERSION = YES;
				GCC_WARN_ABOUT_RETURN_TYPE = YES_ERROR;
				GCC_WARN_UNDECLARED_SELECTOR = YES;
				GCC_WARN_UNINITIALIZED_AUTOS = YES_AGGRESSIVE;
				GCC_WARN_UNUSED_FUNCTION = YES;
				GCC_WARN_UNUSED_VARIABLE = YES;
				IPHONEOS_DEPLOYMENT_TARGET = 10.2;
				MTL_ENABLE_DEBUG_INFO = NO;
				SDKROOT = iphoneos;
				SWIFT_OPTIMIZATION_LEVEL = "-Owholemodule";
				TARGETED_DEVICE_FAMILY = "1,2";
				VALIDATE_PRODUCT = YES;
			};
			name = Release;
		};
		9B124A741E7FC77400393658 /* Debug */ = {
			isa = XCBuildConfiguration;
			baseConfigurationReference = 656939549EA8BA6F1680E56E /* Pods-OilRecTool.debug.xcconfig */;
			buildSettings = {
				ASSETCATALOG_COMPILER_APPICON_NAME = AppIcon;
				ASSETCATALOG_COMPILER_LAUNCHIMAGE_NAME = LaunchImage;
				CLANG_ENABLE_MODULES = YES;
				CODE_SIGN_ENTITLEMENTS = OilRecTool/OilRecTool.entitlements;
				CODE_SIGN_IDENTITY = "iPhone Developer";
				CODE_SIGN_STYLE = Automatic;
				DEVELOPMENT_TEAM = 9KR6M6F46H;
				ENABLE_BITCODE = YES;
				ENABLE_ONLY_ACTIVE_RESOURCES = YES;
				INFOPLIST_FILE = OilRecTool/Info.plist;
				LD_RUNPATH_SEARCH_PATHS = "$(inherited) @executable_path/Frameworks";
				PRODUCT_BUNDLE_IDENTIFIER = com.muswine.oilrectool;
				PRODUCT_NAME = "$(TARGET_NAME)";
				PROVISIONING_PROFILE_SPECIFIER = "";
				SWIFT_OBJC_BRIDGING_HEADER = "OilRecTool/OilRecTool-Bridging-Header.h";
				SWIFT_OPTIMIZATION_LEVEL = "-Onone";
				SWIFT_VERSION = 4.2;
				TARGETED_DEVICE_FAMILY = 1;
			};
			name = Debug;
		};
		9B124A751E7FC77400393658 /* Release */ = {
			isa = XCBuildConfiguration;
			baseConfigurationReference = A35A4ABE223F485EC52374D1 /* Pods-OilRecTool.release.xcconfig */;
			buildSettings = {
				ASSETCATALOG_COMPILER_APPICON_NAME = AppIcon;
				ASSETCATALOG_COMPILER_LAUNCHIMAGE_NAME = LaunchImage;
				CLANG_ENABLE_MODULES = YES;
				CODE_SIGN_ENTITLEMENTS = OilRecTool/OilRecTool.entitlements;
				CODE_SIGN_IDENTITY = "iPhone Developer";
				CODE_SIGN_STYLE = Automatic;
				DEVELOPMENT_TEAM = 9KR6M6F46H;
				ENABLE_BITCODE = YES;
				ENABLE_ONLY_ACTIVE_RESOURCES = YES;
				INFOPLIST_FILE = OilRecTool/Info.plist;
				LD_RUNPATH_SEARCH_PATHS = "$(inherited) @executable_path/Frameworks";
				PRODUCT_BUNDLE_IDENTIFIER = com.muswine.oilrectool;
				PRODUCT_NAME = "$(TARGET_NAME)";
				PROVISIONING_PROFILE_SPECIFIER = "";
				SWIFT_OBJC_BRIDGING_HEADER = "OilRecTool/OilRecTool-Bridging-Header.h";
				SWIFT_VERSION = 4.2;
				TARGETED_DEVICE_FAMILY = 1;
			};
			name = Release;
		};
/* End XCBuildConfiguration section */

/* Begin XCConfigurationList section */
		9B124A591E7FC77300393658 /* Build configuration list for PBXProject "OilRecTool" */ = {
			isa = XCConfigurationList;
			buildConfigurations = (
				9B124A711E7FC77400393658 /* Debug */,
				9B124A721E7FC77400393658 /* Release */,
			);
			defaultConfigurationIsVisible = 0;
			defaultConfigurationName = Release;
		};
		9B124A731E7FC77400393658 /* Build configuration list for PBXNativeTarget "OilRecTool" */ = {
			isa = XCConfigurationList;
			buildConfigurations = (
				9B124A741E7FC77400393658 /* Debug */,
				9B124A751E7FC77400393658 /* Release */,
			);
			defaultConfigurationIsVisible = 0;
			defaultConfigurationName = Release;
		};
/* End XCConfigurationList section */

/* Begin XCVersionGroup section */
		9B124A681E7FC77400393658 /* OilRecTool.xcdatamodeld */ = {
			isa = XCVersionGroup;
			children = (
				9B124A691E7FC77400393658 /* MotorHelper.xcdatamodel */,
			);
			currentVersion = 9B124A691E7FC77400393658 /* MotorHelper.xcdatamodel */;
			path = OilRecTool.xcdatamodeld;
			sourceTree = "<group>";
			versionGroupType = wrapper.xcdatamodel;
		};
/* End XCVersionGroup section */
	};
	rootObject = 9B124A561E7FC77300393658 /* Project object */;
}
